# SUPERSEDED PRE-ADR-009 — NOT A WEB-RELEASE INPUT.
# Historical Python 3.12 / macOS arm64 native-app artifact lock retained as T003 evidence only.
# Current web-release inputs are the Linux service locks under deploy/locks/requirements-*-linux.lock;
# this file MUST NOT be used to build, install, or qualify a DeepTwin web-framework release.
aiosqlite==0.22.1 --hash=sha256:21c002eb13823fad740196c5a2e9d8e62f6243bd9e7e4a1f87fb5e44ecb4fceb
annotated-doc==0.0.5 --hash=sha256:117bac03a25ede5df5440e855b32d556049ca169ead221505badf432fed4b101
annotated-types==0.8.0 --hash=sha256:f072f4d804ea359e4eaf198b1af7a8b0943881a87f31bb764f8bf219bb9419e0
anthropic==1.4.0 --hash=sha256:590e85bff75b713a123b03f586d68f02266b5fdc49f70dd75f721ced93a4716c
anyio==4.15.1 --hash=sha256:6152fdbbf9a77fdec97731721bebf7c4c44f7c29b424b0065826173efc7ed101
bottle==0.13.4 --hash=sha256:045684fbd2764eac9cdeb824861d1551d113e8b683d8d26e296898d3dd99a12e
certifi==2026.7.22 --hash=sha256:62f22742b58a1a33014a2b6b706588a8d7e2a88ae7bd1a6ebe8c992928483775
charset-normalizer==3.5.1 --hash=sha256:5b6d1386bf0096d26d3a863dc0a487a5b4eb9aa93cf5ba69683d29dde6b9d60f
click==8.5.0 --hash=sha256:255bc9599cf7748b4b1a446ccc735421bd08a2ae529a8b88597d3de5664ee360
distro==1.9.0 --hash=sha256:7bffd925d65168f85027d8da9af6bddab658135b840670a223589bc0c8ef02b2
docstring_parser==0.18.0 --hash=sha256:b3fcbed555c47d8479be0796ef7e19c2670d428d72e96da63f3a40122860374b
fastapi==0.141.1 --hash=sha256:bfb91aa2d334c61cb35ba9a116fc123b3d3df31640b801cf57a7a78ec3f603b3
greenlet==3.5.5 --hash=sha256:49520f0c95a48b42cf55414b8e8479beb274ea70431afc33e3f79903c71f4380
h11==0.16.0 --hash=sha256:63cf8bbe7522de3bf65932fda1d9c2772064ffb3dae62d55932da54b31cb6c86
httpcore==1.0.9 --hash=sha256:2d400746a40668fc9dec9810239072b40b4484b640a8c38fd654a024c7a1bf55
httpcore2==2.12.0 --hash=sha256:7e04258ce01013d7d615e5b910a3b27fac937d7a95038227e79652b4ba3b4ceb
httpx==0.28.1 --hash=sha256:d909fcccc110f8c7faf814ca82a9a4d816bc5a6dbfea25d6591d6985b8ba59ad
httpx2==2.12.0 --hash=sha256:cc8b6eecb8661c146b8f89a60e97456ee086e91a784ed31ac450c3a9e613dd36
idna==3.19 --hash=sha256:815e7be7a7806d54abb586dc943addc79e8b2ee16915059658cbeff4b1b43bf4
jiter==0.16.0 --hash=sha256:5af7780e4a26bd7d0d989592bf9ef12ebf806b74ab709223ecca37c749872ea9
jsonpatch==1.33 --hash=sha256:0ae28c0cd062bbd8b8ecc26d7d164fbbea9652a1a3693f3b956c1eae5145dade
jsonpointer==3.1.1 --hash=sha256:8ff8b95779d071ba472cf5bc913028df06031797532f08a7d5b602d8b2a488ca
langchain-core==1.6.2 --hash=sha256:21e6c7cf097c68b777fd69ea00864f09bd9ca76ac73e3e3fa14e1ee366eb4711
langchain-protocol==0.0.19 --hash=sha256:4cdf879a492a35980fd859ae792d3c65458ccaae504e183c9a10d7eac1f0720f
langgraph==1.2.11 --hash=sha256:8bab70de7b2d00b5300fb289bcf38d8b241400f3184c1e95e8ce706fb0e8686b
langgraph-checkpoint==4.2.0 --hash=sha256:0547fd228935a0b758865de3a3d6d7a2537c308895d0f9ab092ce9151b5da942
langgraph-checkpoint-sqlite==3.1.1 --hash=sha256:8505c54c94a658080525d7e6780fdd4e0c078ff2566b30d399c02cc9f9af1c63
langgraph-prebuilt==1.1.0 --hash=sha256:51e311747d755b751d5c6b39b0c1446124d3a7643d2515017e6714b323508fc9
langgraph-sdk==0.4.4 --hash=sha256:39afe416c91742925e6f8a93715f566d499b36e1b636b804a4ffe3190e4f4e64
langsmith==0.12.2 --hash=sha256:ca2b6386cf452cf8edebf27c9c476503c18bad895e7ad566578393fa0ba7fea2
lxml==6.1.3 --hash=sha256:0c0710ac085a157b593c38fbcacd950f15c4afa8e2057527185875ab302752bc
orjson==3.12.0 --hash=sha256:11edb4660a6680abee9788a3a9072208a2c96538cc1322bd79542065229d8e54
ormsgpack==1.12.2 --hash=sha256:7a29d09b64b9694b588ff2f80e9826bdceb3a2b91523c5beae1fab27d5c940e7
packaging==26.3 --hash=sha256:d7193f7c8e4e93f444fde0262bf90af30e16fa0ad0ad44cb553c87339b23cd1c
pillow==12.3.0 --hash=sha256:ffd0c5368496f41b0944be820fcb7a838aa6e623d250b01acf2643939c3f99d7
playwright==1.62.0 --hash=sha256:db755ab27db21a04186f1fe8169888e42356086e439b1059b923ef417f0b6034
proxy_tools==0.1.0 --hash=sha256:05c6569bed050329df696d1a4a928e1a0702ca3dd80d04a3c12d596ac89ef7ef
pydantic==2.13.5 --hash=sha256:346a034f080da3755d8e9cb5e00e8b07de1d39e4f6e2c87d8ab7cafa0b269a73
pydantic_core==2.46.5 --hash=sha256:a39ac25a9a2fa4072efdb429833c4a4c8009a51ff9eea3eeae131713cd27991e
pyee==13.0.1 --hash=sha256:af2f8fede4171ef667dfded53f96e2ed0d6e6bd7ee3bb46437f77e3b57689228
pyobjc-core==12.2.2 --hash=sha256:122e6ad302a2abf5d4d4adb0156db751600ddf2768441696cba17b31323085e7
pyobjc-framework-Cocoa==12.2.2 --hash=sha256:e106f395531e67694376b0f1184612cbeea3ec8b9bf56b55ef41d026171d2a2d
pyobjc-framework-Quartz==12.2.2 --hash=sha256:7f668979d0c7320bf8f7ed6e030da578f93ab0f5dd619b295ec735cd8d5faa34
pyobjc-framework-Security==12.2.2 --hash=sha256:266f41995f2fc80660c8451bdb199a7e259a6cad02fbc1e0e2f69dd5576e2203
pyobjc-framework-UniformTypeIdentifiers==12.2.2 --hash=sha256:1dc6a538df07c410e4bfd6457adcb0b663a5e0df331905dbe135bcfd3f89ae57
pyobjc-framework-WebKit==12.2.2 --hash=sha256:ef37692f0280151bf8164a718e334a9b3cb0abfc5455be14172280de7e277505
pypdf==6.17.0 --hash=sha256:5bd827266a21553b74d910e350131a6227b72f2ab4209bf372814b8195fa11c5
pypdfium2==5.13.0 --hash=sha256:da5c7b74eebf40b5c1fbe1de01aa1edc8827a79fb1efd999616bc20dcaf77ba4
python-docx==1.2.0 --hash=sha256:3fd478f3250fbbbfd3b94fe1e985955737c145627498896a8a6bf81f4baf66c7
pywebview==6.2.1 --hash=sha256:9d07275f53894ab4d5e2e0e996227193e7187dec276d9b624dccbce029216b46
PyYAML==6.0.3 --hash=sha256:fc09d0aa354569bc501d4e787133afc08552722d3ab34836a80547331bb5d4a0
reportlab==5.0.1 --hash=sha256:1c36e6bb0e71780c72331eba60da7f602e8d4389a8723825af71342e49d791e8
requests==2.34.2 --hash=sha256:2a0d60c172f83ac6ab31e4554906c0f3b3588d37b5cb939b1c061f4907e278e0
requests-toolbelt==1.0.0 --hash=sha256:cccfdd665f0a24fcf4726e690f65639d272bb0637b9b92dfd91a5568ccf6bd06
sniffio==1.3.1 --hash=sha256:2f6da418d1f1e0fddd844478f41680e794e6051915791a034ff65e5f100525a2
sqlite-vec==0.1.9 --hash=sha256:1d52e30513bae4cc9778ddbf6145610434081be4c3afe57cd877893bad9f6b6c
starlette==1.6.0 --hash=sha256:a86dd39d14bb45f85a3d18525215a9ef0cfd1f192ac793220e72598c90335f0c
tenacity==9.1.4 --hash=sha256:6095a360c919085f28c6527de529e76a06ad89b23659fa881ae0649b867a9d55
truststore==0.10.4 --hash=sha256:adaeaecf1cbb5f4de3b1959b42d41f6fab57b2b1666adb59e89cb0b53361d981
typing_extensions==4.16.0 --hash=sha256:481caa481374e813c1b176ada14e97f1f67a4539ce9cfeb3f350d78d6370c2e8
typing-inspection==0.4.4 --hash=sha256:65b8397ba37ccbce054456aaccddfc91e6e3083c92824df348d96ca832f3f147
urllib3==2.7.0 --hash=sha256:9fb4c81ebbb1ce9531cce37674bbc6f1360472bc18ca9a553ede278ef7276897
uuid_utils==0.17.0 --hash=sha256:9205068badf453d2f0821fd5d340389b4679992d7ff79d4f3e5608996dd1b287
uvicorn==0.52.4 --hash=sha256:f86e41a149d7d05a9969337e3946a9c171c06a5d42680896daaba624aeac8da1
websockets==16.1.1 --hash=sha256:01fbdcbac298efe19360b94bc0039c8f746f0220ba570f327577bfee81059175
xxhash==4.0.1 --hash=sha256:515a822c73abbf6a0b7c70976d9662be342835c9d78b8dc7c023411f39c35dbc
zstandard==0.25.0 --hash=sha256:913cbd31a400febff93b564a23e17c3ed2d56c064006f54efec210d586171c00
